<?xml version="1.0" encoding="utf-8"?>
<Project ToolsVersion="4.0" xmlns="http://schemas.microsoft.com/developer/msbuild/2003">
  <ItemGroup>
    <Filter Include="src">
      <UniqueIdentifier>{C202D925-8342-8CAB-FBAC-54DFA101AD31}</UniqueIdentifier>
    </Filter>
    <Filter Include="src\Server">
      <UniqueIdentifier>{70720C6E-67F8-E13C-9BC9-D87DE9F9DF56}</UniqueIdentifier>
    </Filter>
    <Filter Include="src\Server\Game">
      <UniqueIdentifier>{C6BCA397-A2B6-6DB2-59B2-19CC7265E3F4}</UniqueIdentifier>
    </Filter>
    <Filter Include="src\Server\Game\controllers">
      <UniqueIdentifier>{509CF0F5-F6FD-8334-F309-411574B52575}</UniqueIdentifier>
    </Filter>
    <Filter Include="src\Server\Game\entities">
      <UniqueIdentifier>{8B784A30-400E-1733-09A9-D90BBD9AA4A6}</UniqueIdentifier>
    </Filter>
    <Filter Include="src\Server\Game\entities\petals">
      <UniqueIdentifier>{10155E48-5561-0824-7AC7-0ECE830F5F52}</UniqueIdentifier>
    </Filter>
    <Filter Include="src\Server\Game\gamecontrollers">
      <UniqueIdentifier>{EBB03C0C-0C0C-4A17-B97C-2A4AB6D1D3A9}</UniqueIdentifier>
    </Filter>
    <Filter Include="src\Server\Game\states">
      <UniqueIdentifier>{9140B92F-2439-602B-B26F-31E19B3CA5B3}</UniqueIdentifier>
    </Filter>
    <Filter Include="src\Server\Game\systems">
      <UniqueIdentifier>{2380B3E9-30E5-486F-A293-D4B55FC4232C}</UniqueIdentifier>
    </Filter>
    <Filter Include="src\Server\Module">
      <UniqueIdentifier>{7EA5AE3C-1420-1628-8510-AA185AA89781}</UniqueIdentifier>
    </Filter>
    <Filter Include="src\Server\Persistence">
      <UniqueIdentifier>{A276092D-847F-407B-AF19-BF1CA5026C54}</UniqueIdentifier>
    </Filter>
    <Filter Include="src\Server\Auth">
      <UniqueIdentifier>{4B912AC0-B98B-4A3A-99D5-7385D1729E1C}</UniqueIdentifier>
    </Filter>
  </ItemGroup>
  <ItemGroup>
    <ClInclude Include="src\Server\Auth\email_verification_service.h">
      <Filter>src\Server\Auth</Filter>
    </ClInclude>
    <ClInclude Include="src\Server\Game\controller.h">
      <Filter>src\Server\Game</Filter>
    </ClInclude>
    <ClInclude Include="src\Server\Game\gamecontroller.h">
      <Filter>src\Server\Game</Filter>
    </ClInclude>
    <ClInclude Include="src\Server\Game\controllers\melee_controller.h">
      <Filter>src\Server\Game\controllers</Filter>
    </ClInclude>
    <ClInclude Include="src\Server\Game\controllers\player_controller.h">
      <Filter>src\Server\Game\controllers</Filter>
    </ClInclude>
    <ClInclude Include="src\Server\Game\entities\flower.h">
      <Filter>src\Server\Game\entities</Filter>
    </ClInclude>
    <ClInclude Include="src\Server\Game\entities\mob.h">
      <Filter>src\Server\Game\entities</Filter>
    </ClInclude>
    <ClInclude Include="src\Server\Game\entities\petals\petal.h">
      <Filter>src\Server\Game\entities\petals</Filter>
    </ClInclude>
    <ClInclude Include="src\Server\Game\entities\petals\petal_slot.h">
      <Filter>src\Server\Game\entities\petals</Filter>
    </ClInclude>
    <ClInclude Include="src\Server\Game\entities\petals\petals_behavior.h">
      <Filter>src\Server\Game\entities\petals</Filter>
    </ClInclude>
    <ClInclude Include="src\Server\Game\entities\projectile.h">
      <Filter>src\Server\Game\entities</Filter>
    </ClInclude>
    <ClInclude Include="src\Server\Game\entity.h">
      <Filter>src\Server\Game</Filter>
    </ClInclude>
    <ClInclude Include="src\Server\Game\gamecontext.h">
      <Filter>src\Server\Game</Filter>
    </ClInclude>
    <ClInclude Include="src\Server\Game\game_services.h">
      <Filter>src\Server\Game</Filter>
    </ClInclude>
    <ClInclude Include="src\Server\Game\gameworld.h">
      <Filter>src\Server\Game</Filter>
    </ClInclude>
    <ClInclude Include="src\Server\Game\prototype_registry.h">
      <Filter>src\Server\Game</Filter>
    </ClInclude>
    <ClInclude Include="src\Server\Game\player.h">
      <Filter>src\Server\Game</Filter>
    </ClInclude>
    <ClInclude Include="src\Server\Game\state.h">
      <Filter>src\Server\Game</Filter>
    </ClInclude>
    <ClInclude Include="src\Server\Game\state_zone.h">
      <Filter>src\Server\Game</Filter>
    </ClInclude>
    <ClInclude Include="src\Server\Game\states\states.h">
      <Filter>src\Server\Game\states</Filter>
    </ClInclude>
    <ClInclude Include="src\Server\Module\console_module.h">
      <Filter>src\Server\Module</Filter>
    </ClInclude>
    <ClInclude Include="src\Server\Module\module.h">
      <Filter>src\Server\Module</Filter>
    </ClInclude>
    <ClInclude Include="src\Server\Module\network_module.h">
      <Filter>src\Server\Module</Filter>
    </ClInclude>
    <ClInclude Include="src\Server\Module\server_gui_module.h">
      <Filter>src\Server\Module</Filter>
    </ClInclude>
    <ClInclude Include="src\Server\Module\world_module.h">
      <Filter>src\Server\Module</Filter>
    </ClInclude>
    <ClInclude Include="src\Server\server.h">
      <Filter>src\Server</Filter>
    </ClInclude>
    <ClInclude Include="src\Server\report.h">
      <Filter>src\Server</Filter>
    </ClInclude>
    <ClInclude Include="src\Server\Game\gamecontrollers\opencontroller.h">
      <Filter>src\Server\Game\gamecontrollers</Filter>
    </ClInclude>
    <ClInclude Include="src\Server\Game\gamecontrollers\open_reward_service.h">
      <Filter>src\Server\Game\gamecontrollers</Filter>
    </ClInclude>
    <ClInclude Include="src\Server\Game\gamecontrollers\open_spawn_director.h">
      <Filter>src\Server\Game\gamecontrollers</Filter>
    </ClInclude>
    <ClInclude Include="src\Server\Game\entities\drop.h">
      <Filter>src\Server\Game\entities</Filter>
    </ClInclude>
    <ClInclude Include="src\Server\Game\entities\blood_sacrifice_ritual.h">
      <Filter>src\Server\Game\entities</Filter>
    </ClInclude>
    <ClInclude Include="src\Server\Game\entities\portal.h">
      <Filter>src\Server\Game\entities</Filter>
    </ClInclude>
    <ClInclude Include="src\Server\Game\talent.h">
      <Filter>src\Server\Game</Filter>
    </ClInclude>
    <ClInclude Include="src\Server\Game\gamecontrollers\waitingcontroller.h">
      <Filter>src\Server\Game\gamecontrollers</Filter>
    </ClInclude>
    <ClInclude Include="src\Server\Game\gamecontrollers\world_controller_factory.h">
      <Filter>src\Server\Game\gamecontrollers</Filter>
    </ClInclude>
    <ClInclude Include="src\Server\Game\systems\snapshot_service.h">
      <Filter>src\Server\Game\systems</Filter>
    </ClInclude>
    <ClInclude Include="src\Server\Game\systems\player_lifecycle_service.h">
      <Filter>src\Server\Game\systems</Filter>
    </ClInclude>
    <ClInclude Include="src\Server\Persistence\account_store.h">
      <Filter>src\Server\Persistence</Filter>
    </ClInclude>
    <ClInclude Include="src\Server\Persistence\server_data_store.h">
      <Filter>src\Server\Persistence</Filter>
    </ClInclude>
    <ClInclude Include="src\Server\Persistence\unique_petal_registry.h">
      <Filter>src\Server\Persistence</Filter>
    </ClInclude>
  </ItemGroup>
  <ItemGroup>
    <ClCompile Include="src\Server\Auth\email_verification_service.cpp">
      <Filter>src\Server\Auth</Filter>
    </ClCompile>
    <ClCompile Include="src\Server\commands.cpp">
      <Filter>src\Server</Filter>
    </ClCompile>
    <ClCompile Include="src\Server\Game\controllers\melee_controller.cpp">
      <Filter>src\Server\Game\controllers</Filter>
    </ClCompile>
    <ClCompile Include="src\Server\Game\controllers\player_controller.cpp">
      <Filter>src\Server\Game\controllers</Filter>
    </ClCompile>
    <ClCompile Include="src\Server\Game\entities\flower.cpp">
      <Filter>src\Server\Game\entities</Filter>
    </ClCompile>
    <ClCompile Include="src\Server\Game\entities\mob.cpp">
      <Filter>src\Server\Game\entities</Filter>
    </ClCompile>
    <ClCompile Include="src\Server\Game\entities\mob_behavior.cpp">
      <Filter>src\Server\Game\entities</Filter>
    </ClCompile>
    <ClCompile Include="src\Server\Game\entities\petals\petal.cpp">
      <Filter>src\Server\Game\entities\petals</Filter>
    </ClCompile>
    <ClCompile Include="src\Server\Game\entities\petals\petal_behavior.cpp">
      <Filter>src\Server\Game\entities\petals</Filter>
    </ClCompile>
    <ClCompile Include="src\Server\Game\entities\projectile.cpp">
      <Filter>src\Server\Game\entities</Filter>
    </ClCompile>
    <ClCompile Include="src\Server\Game\entities\portal.cpp">
      <Filter>src\Server\Game\entities</Filter>
    </ClCompile>
    <ClCompile Include="src\Server\Game\entity.cpp">
      <Filter>src\Server\Game</Filter>
    </ClCompile>
    <ClCompile Include="src\Server\Game\entity_tools.cpp">
      <Filter>src\Server\Game</Filter>
    </ClCompile>
    <ClCompile Include="src\Server\Game\gamecontext.cpp">
      <Filter>src\Server\Game</Filter>
    </ClCompile>
    <ClCompile Include="src\Server\Game\gameworld.cpp">
      <Filter>src\Server\Game</Filter>
    </ClCompile>
    <ClCompile Include="src\Server\Game\player.cpp">
      <Filter>src\Server\Game</Filter>
    </ClCompile>
    <ClCompile Include="src\Server\Game\state_zone.cpp">
      <Filter>src\Server\Game</Filter>
    </ClCompile>
    <ClCompile Include="src\Server\Game\states\states.cpp">
      <Filter>src\Server\Game\states</Filter>
    </ClCompile>
    <ClCompile Include="src\Server\main.cpp">
      <Filter>src\Server</Filter>
    </ClCompile>
    <ClCompile Include="src\Server\Module\console_module.cpp">
      <Filter>src\Server\Module</Filter>
    </ClCompile>
    <ClCompile Include="src\Server\Module\network_module.cpp">
      <Filter>src\Server\Module</Filter>
    </ClCompile>
    <ClCompile Include="src\Server\Module\server_gui_module.cpp">
      <Filter>src\Server\Module</Filter>
    </ClCompile>
    <ClCompile Include="src\Server\Module\world_module.cpp">
      <Filter>src\Server\Module</Filter>
    </ClCompile>
    <ClCompile Include="src\Server\server.cpp">
      <Filter>src\Server</Filter>
    </ClCompile>
    <ClCompile Include="src\Server\report.cpp">
      <Filter>src\Server</Filter>
    </ClCompile>
    <ClCompile Include="src\Server\Game\gamecontrollers\opencontroller.cpp">
      <Filter>src\Server\Game\gamecontrollers</Filter>
    </ClCompile>
    <ClCompile Include="src\Server\Game\gamecontrollers\open_reward_service.cpp">
      <Filter>src\Server\Game\gamecontrollers</Filter>
    </ClCompile>
    <ClCompile Include="src\Server\Game\gamecontrollers\open_spawn_director.cpp">
      <Filter>src\Server\Game\gamecontrollers</Filter>
    </ClCompile>
    <ClCompile Include="src\Server\Game\gamecontrollers\waitingcontroller.cpp">
      <Filter>src\Server\Game\gamecontrollers</Filter>
    </ClCompile>
    <ClCompile Include="src\Server\Game\gamecontrollers\world_controller_factory.cpp">
      <Filter>src\Server\Game\gamecontrollers</Filter>
    </ClCompile>
    <ClCompile Include="src\Server\Game\entities\drop.cpp">
      <Filter>src\Server\Game\entities</Filter>
    </ClCompile>
    <ClCompile Include="src\Server\Game\entities\blood_sacrifice_ritual.cpp">
      <Filter>src\Server\Game\entities</Filter>
    </ClCompile>
    <ClCompile Include="src\Server\Game\systems\snapshot_service.cpp">
      <Filter>src\Server\Game\systems</Filter>
    </ClCompile>
    <ClCompile Include="src\Server\Game\systems\player_lifecycle_service.cpp">
      <Filter>src\Server\Game\systems</Filter>
    </ClCompile>
    <ClCompile Include="src\Server\Persistence\account_store.cpp">
      <Filter>src\Server\Persistence</Filter>
    </ClCompile>
    <ClCompile Include="src\Server\Persistence\server_data_store.cpp">
      <Filter>src\Server\Persistence</Filter>
    </ClCompile>
    <ClCompile Include="src\Server\Persistence\unique_petal_registry.cpp">
      <Filter>src\Server\Persistence</Filter>
    </ClCompile>
  </ItemGroup>
</Project>
